
Microsoft Visual Studio Solution File, Format Version 12.00
# Visual Studio Version 16
VisualStudioVersion = 16.0.31205.134
MinimumVisualStudioVersion = 10.0.40219.1
Project("{FAE04EC0-301F-11D3-BF4B-00C04F79EFBC}") = "SimpleService", "SimpleService\SimpleService.csproj", "{A754CBAE-7D7B-4A81-AA33-BFAC33523C34}"
EndProject
Global
	GlobalSection(SolutionConfigurationPlatforms) = preSolution
		Debug|Any CPU = Debug|Any CPU
		Release|Any CPU = Release|Any CPU
	EndGlobalSection
	GlobalSection(ProjectConfigurationPlatforms) = postSolution
		{A754CBAE-7D7B-4A81-AA33-BFAC33523C34}.Debug|Any CPU.ActiveCfg = Debug|Any CPU
		{A754CBAE-7D7B-4A81-AA33-BFAC33523C34}.Debug|Any CPU.Build.0 = Debug|Any CPU
		{A754CBAE-7D7B-4A81-AA33-BFAC33523C34}.Release|Any CPU.ActiveCfg = Release|Any CPU
		{A754CBAE-7D7B-4A81-AA33-BFAC33523C34}.Release|Any CPU.Build.0 = Release|Any CPU
	EndGlobalSection
	GlobalSection(SolutionProperties) = preSolution
		HideSolutionNode = FALSE
	EndGlobalSection
	GlobalSection(ExtensibilityGlobals) = postSolution
		SolutionGuid = {199AB675-F351-424B-9026-8100FD1031EB}
	EndGlobalSection
EndGlobal
