
Microsoft Visual Studio Solution File, Format Version 12.00
# Visual Studio Version 16
VisualStudioVersion = 16.0.31829.152
MinimumVisualStudioVersion = 10.0.40219.1
Project("{FAE04EC0-301F-11D3-BF4B-00C04F79EFBC}") = "MVVMCore", "MVVMCore\MVVMCore.csproj", "{CE20C636-AE8B-4407-BEE4-99D5AE0506AD}"
EndProject
Project("{FAE04EC0-301F-11D3-BF4B-00C04F79EFBC}") = "AppTest", "AppTest\AppTest.csproj", "{E43CC6D3-7531-4CCB-96AC-429B0B7D2A4C}"
EndProject
Global
	GlobalSection(SolutionConfigurationPlatforms) = preSolution
		Debug|Any CPU = Debug|Any CPU
		Release|Any CPU = Release|Any CPU
	EndGlobalSection
	GlobalSection(ProjectConfigurationPlatforms) = postSolution
		{CE20C636-AE8B-4407-BEE4-99D5AE0506AD}.Debug|Any CPU.ActiveCfg = Debug|Any CPU
		{CE20C636-AE8B-4407-BEE4-99D5AE0506AD}.Debug|Any CPU.Build.0 = Debug|Any CPU
		{CE20C636-AE8B-4407-BEE4-99D5AE0506AD}.Release|Any CPU.ActiveCfg = Release|Any CPU
		{CE20C636-AE8B-4407-BEE4-99D5AE0506AD}.Release|Any CPU.Build.0 = Release|Any CPU
		{E43CC6D3-7531-4CCB-96AC-429B0B7D2A4C}.Debug|Any CPU.ActiveCfg = Debug|Any CPU
		{E43CC6D3-7531-4CCB-96AC-429B0B7D2A4C}.Debug|Any CPU.Build.0 = Debug|Any CPU
		{E43CC6D3-7531-4CCB-96AC-429B0B7D2A4C}.Release|Any CPU.ActiveCfg = Release|Any CPU
		{E43CC6D3-7531-4CCB-96AC-429B0B7D2A4C}.Release|Any CPU.Build.0 = Release|Any CPU
	EndGlobalSection
	GlobalSection(SolutionProperties) = preSolution
		HideSolutionNode = FALSE
	EndGlobalSection
	GlobalSection(ExtensibilityGlobals) = postSolution
		SolutionGuid = {47FBB09C-8059-48BC-BEEC-036631AA56D9}
	EndGlobalSection
EndGlobal
