
Microsoft Visual Studio Solution File, Format Version 12.00
# Visual Studio Version 16
VisualStudioVersion = 16.0.31005.135
MinimumVisualStudioVersion = 10.0.40219.1
Project("{FAE04EC0-301F-11D3-BF4B-00C04F79EFBC}") = "XmlSign", "XmlSign\XmlSign.csproj", "{02B033A4-8F59-403D-A136-7FFB81EB2C4C}"
EndProject
Global
	GlobalSection(SolutionConfigurationPlatforms) = preSolution
		Debug|Any CPU = Debug|Any CPU
		Release|Any CPU = Release|Any CPU
	EndGlobalSection
	GlobalSection(ProjectConfigurationPlatforms) = postSolution
		{02B033A4-8F59-403D-A136-7FFB81EB2C4C}.Debug|Any CPU.ActiveCfg = Debug|Any CPU
		{02B033A4-8F59-403D-A136-7FFB81EB2C4C}.Debug|Any CPU.Build.0 = Debug|Any CPU
		{02B033A4-8F59-403D-A136-7FFB81EB2C4C}.Release|Any CPU.ActiveCfg = Release|Any CPU
		{02B033A4-8F59-403D-A136-7FFB81EB2C4C}.Release|Any CPU.Build.0 = Release|Any CPU
	EndGlobalSection
	GlobalSection(SolutionProperties) = preSolution
		HideSolutionNode = FALSE
	EndGlobalSection
	GlobalSection(ExtensibilityGlobals) = postSolution
		SolutionGuid = {7CA4B2C2-717F-4483-92C5-A1A369E5E126}
	EndGlobalSection
EndGlobal
